
Microsoft Visual Studio Solution File, Format Version 12.00
# Visual Studio 15
Project("{FAE04EC0-301F-11D3-BF4B-00C04F79EFBC}") = "Assembly-CSharp", "Assembly-CSharp.csproj", "{A579B862-304C-404F-9ECC-A093E641005F}"
EndProject
Project("{FAE04EC0-301F-11D3-BF4B-00C04F79EFBC}") = "Boxophobic.Utils.Scripts", "Boxophobic.Utils.Scripts.csproj", "{5A3F23D7-A373-F078-AFBE-FDAF737E97BB}"
EndProject
Project("{FAE04EC0-301F-11D3-BF4B-00C04F79EFBC}") = "Boxophobic.Utils.Editor", "Boxophobic.Utils.Editor.csproj", "{8CC52A70-8A9C-E645-0CAF-FD7C5DE77E0A}"
EndProject
Project("{FAE04EC0-301F-11D3-BF4B-00C04F79EFBC}") = "Boxophobic.SkyboxCubemapExtended.Editor", "Boxophobic.SkyboxCubemapExtended.Editor.csproj", "{B24B7E76-2D50-D276-E000-04B9E4EC2010}"
EndProject
Global
	GlobalSection(SolutionConfigurationPlatforms) = preSolution
		Debug|Any CPU = Debug|Any CPU
		Release|Any CPU = Release|Any CPU
	EndGlobalSection
	GlobalSection(ProjectConfigurationPlatforms) = postSolution
		{A579B862-304C-404F-9ECC-A093E641005F}.Debug|Any CPU.ActiveCfg = Debug|Any CPU
		{A579B862-304C-404F-9ECC-A093E641005F}.Debug|Any CPU.Build.0 = Debug|Any CPU
		{A579B862-304C-404F-9ECC-A093E641005F}.Release|Any CPU.ActiveCfg = Release|Any CPU
		{A579B862-304C-404F-9ECC-A093E641005F}.Release|Any CPU.Build.0 = Release|Any CPU
		{5A3F23D7-A373-F078-AFBE-FDAF737E97BB}.Debug|Any CPU.ActiveCfg = Debug|Any CPU
		{5A3F23D7-A373-F078-AFBE-FDAF737E97BB}.Debug|Any CPU.Build.0 = Debug|Any CPU
		{5A3F23D7-A373-F078-AFBE-FDAF737E97BB}.Release|Any CPU.ActiveCfg = Release|Any CPU
		{5A3F23D7-A373-F078-AFBE-FDAF737E97BB}.Release|Any CPU.Build.0 = Release|Any CPU
		{8CC52A70-8A9C-E645-0CAF-FD7C5DE77E0A}.Debug|Any CPU.ActiveCfg = Debug|Any CPU
		{8CC52A70-8A9C-E645-0CAF-FD7C5DE77E0A}.Debug|Any CPU.Build.0 = Debug|Any CPU
		{8CC52A70-8A9C-E645-0CAF-FD7C5DE77E0A}.Release|Any CPU.ActiveCfg = Release|Any CPU
		{8CC52A70-8A9C-E645-0CAF-FD7C5DE77E0A}.Release|Any CPU.Build.0 = Release|Any CPU
		{B24B7E76-2D50-D276-E000-04B9E4EC2010}.Debug|Any CPU.ActiveCfg = Debug|Any CPU
		{B24B7E76-2D50-D276-E000-04B9E4EC2010}.Debug|Any CPU.Build.0 = Debug|Any CPU
		{B24B7E76-2D50-D276-E000-04B9E4EC2010}.Release|Any CPU.ActiveCfg = Release|Any CPU
		{B24B7E76-2D50-D276-E000-04B9E4EC2010}.Release|Any CPU.Build.0 = Release|Any CPU
	EndGlobalSection
	GlobalSection(SolutionProperties) = preSolution
		HideSolutionNode = FALSE
	EndGlobalSection
EndGlobal
